
Microsoft Visual Studio Solution File, Format Version 12.00
# Visual Studio 2017
Project("{FAE04EC0-301F-11D3-BF4B-00C04F79EFBC}") = "SLJV1", "SLJV1.csproj", "{177008FD-587A-AB90-8260-5FB986E6B668}"
EndProject
Project("{FAE04EC0-301F-11D3-BF4B-00C04F79EFBC}") = "SLJV1.Editor", "SLJV1.Editor.csproj", "{063ED491-11FD-C8C0-43D7-2743BE311362}"
EndProject
Global
	GlobalSection(SolutionConfigurationPlatforms) = preSolution
		Debug|Any CPU = Debug|Any CPU
		Release|Any CPU = Release|Any CPU
	EndGlobalSection
	GlobalSection(ProjectConfigurationPlatforms) = postSolution
		{177008FD-587A-AB90-8260-5FB986E6B668}.Debug|Any CPU.ActiveCfg = Debug|Any CPU
		{177008FD-587A-AB90-8260-5FB986E6B668}.Debug|Any CPU.Build.0 = Debug|Any CPU
		{177008FD-587A-AB90-8260-5FB986E6B668}.Release|Any CPU.ActiveCfg = Release|Any CPU
		{177008FD-587A-AB90-8260-5FB986E6B668}.Release|Any CPU.Build.0 = Release|Any CPU
		{063ED491-11FD-C8C0-43D7-2743BE311362}.Debug|Any CPU.ActiveCfg = Debug|Any CPU
		{063ED491-11FD-C8C0-43D7-2743BE311362}.Debug|Any CPU.Build.0 = Debug|Any CPU
		{063ED491-11FD-C8C0-43D7-2743BE311362}.Release|Any CPU.ActiveCfg = Release|Any CPU
		{063ED491-11FD-C8C0-43D7-2743BE311362}.Release|Any CPU.Build.0 = Release|Any CPU
	EndGlobalSection
	GlobalSection(SolutionProperties) = preSolution
		HideSolutionNode = FALSE
	EndGlobalSection
EndGlobal
